
Microsoft Visual Studio Solution File, Format Version 12.00
# Visual Studio Version 17
VisualStudioVersion = 17.14.36221.1
MinimumVisualStudioVersion = 10.0.40219.1
Project("{FAE04EC0-301F-11D3-BF4B-00C04F79EFBC}") = "AssignmentADV02", "AssignmentADV02\AssignmentADV02.csproj", "{5EF7A943-03FE-4C2B-85B4-A0BCFD34DA00}"
EndProject
Project("{FAE04EC0-301F-11D3-BF4B-00C04F79EFBC}") = "DemoADV02", "DemoADV02\DemoADV02.csproj", "{586BAAD4-E732-48FF-BFF7-3B6815F55362}"
EndProject
Global
	GlobalSection(SolutionConfigurationPlatforms) = preSolution
		Debug|Any CPU = Debug|Any CPU
		Release|Any CPU = Release|Any CPU
	EndGlobalSection
	GlobalSection(ProjectConfigurationPlatforms) = postSolution
		{5EF7A943-03FE-4C2B-85B4-A0BCFD34DA00}.Debug|Any CPU.ActiveCfg = Debug|Any CPU
		{5EF7A943-03FE-4C2B-85B4-A0BCFD34DA00}.Debug|Any CPU.Build.0 = Debug|Any CPU
		{5EF7A943-03FE-4C2B-85B4-A0BCFD34DA00}.Release|Any CPU.ActiveCfg = Release|Any CPU
		{5EF7A943-03FE-4C2B-85B4-A0BCFD34DA00}.Release|Any CPU.Build.0 = Release|Any CPU
		{586BAAD4-E732-48FF-BFF7-3B6815F55362}.Debug|Any CPU.ActiveCfg = Debug|Any CPU
		{586BAAD4-E732-48FF-BFF7-3B6815F55362}.Debug|Any CPU.Build.0 = Debug|Any CPU
		{586BAAD4-E732-48FF-BFF7-3B6815F55362}.Release|Any CPU.ActiveCfg = Release|Any CPU
		{586BAAD4-E732-48FF-BFF7-3B6815F55362}.Release|Any CPU.Build.0 = Release|Any CPU
	EndGlobalSection
	GlobalSection(SolutionProperties) = preSolution
		HideSolutionNode = FALSE
	EndGlobalSection
	GlobalSection(ExtensibilityGlobals) = postSolution
		SolutionGuid = {FDBBC7E5-EEB2-4895-8A79-05403EEA50F2}
	EndGlobalSection
EndGlobal
